
Microsoft Visual Studio Solution File, Format Version 12.00
# Visual Studio Version 17
VisualStudioVersion = 17.4.33205.214
MinimumVisualStudioVersion = 10.0.40219.1
Project("{FAE04EC0-301F-11D3-BF4B-00C04F79EFBC}") = "CP_DB_app", "CP_DB_app\CP_DB_app.csproj", "{90BB411E-F68E-4889-AC72-9ECE4C23AAB6}"
EndProject
Global
	GlobalSection(SolutionConfigurationPlatforms) = preSolution
		Debug|Any CPU = Debug|Any CPU
		Release|Any CPU = Release|Any CPU
	EndGlobalSection
	GlobalSection(ProjectConfigurationPlatforms) = postSolution
		{90BB411E-F68E-4889-AC72-9ECE4C23AAB6}.Debug|Any CPU.ActiveCfg = Debug|Any CPU
		{90BB411E-F68E-4889-AC72-9ECE4C23AAB6}.Debug|Any CPU.Build.0 = Debug|Any CPU
		{90BB411E-F68E-4889-AC72-9ECE4C23AAB6}.Release|Any CPU.ActiveCfg = Release|Any CPU
		{90BB411E-F68E-4889-AC72-9ECE4C23AAB6}.Release|Any CPU.Build.0 = Release|Any CPU
	EndGlobalSection
	GlobalSection(SolutionProperties) = preSolution
		HideSolutionNode = FALSE
	EndGlobalSection
	GlobalSection(ExtensibilityGlobals) = postSolution
		SolutionGuid = {E13B7BA6-5619-4BBF-BC27-03B3ECD26795}
	EndGlobalSection
EndGlobal
